// !$*UTF8*$!
{
	archiveVersion = 1;
	classes = {
	};
	objectVersion = 50;
	objects = {

/* Begin PBXBuildFile section */
		BD703DD522F7D30D0040F6E7 /* AnimatorFactory.swift in Sources */ = {isa = PBXBuildFile; fileRef = BD703DD422F7D30D0040F6E7 /* AnimatorFactory.swift */; };
		BD703DD722F7DE100040F6E7 /* WidgetsOwnerProtocol.swift in Sources */ = {isa = PBXBuildFile; fileRef = BD703DD622F7DE100040F6E7 /* WidgetsOwnerProtocol.swift */; };
		BD97381A22F40B1200D1A700 /* AppDelegate.swift in Sources */ = {isa = PBXBuildFile; fileRef = BD97381922F40B1200D1A700 /* AppDelegate.swift */; };
		BD97381F22F40B1200D1A700 /* Main.storyboard in Resources */ = {isa = PBXBuildFile; fileRef = BD97381D22F40B1200D1A700 /* Main.storyboard */; };
		BD97382122F40B1400D1A700 /* Assets.xcassets in Resources */ = {isa = PBXBuildFile; fileRef = BD97382022F40B1400D1A700 /* Assets.xcassets */; };
		BD97382422F40B1400D1A700 /* LaunchScreen.storyboard in Resources */ = {isa = PBXBuildFile; fileRef = BD97382222F40B1400D1A700 /* LaunchScreen.storyboard */; };
		BD97382F22F40B1400D1A700 /* propertyAnimatorTests.swift in Sources */ = {isa = PBXBuildFile; fileRef = BD97382E22F40B1400D1A700 /* propertyAnimatorTests.swift */; };
		BD97383A22F40B1400D1A700 /* propertyAnimatorUITests.swift in Sources */ = {isa = PBXBuildFile; fileRef = BD97383922F40B1400D1A700 /* propertyAnimatorUITests.swift */; };
		BD97384922F40F7800D1A700 /* LockScreenViewController.swift in Sources */ = {isa = PBXBuildFile; fileRef = BD97384822F40F7800D1A700 /* LockScreenViewController.swift */; };
		BD97384B22F40FBF00D1A700 /* SettingsViewController.swift in Sources */ = {isa = PBXBuildFile; fileRef = BD97384A22F40FBF00D1A700 /* SettingsViewController.swift */; };
		BD97384D22F41A4300D1A700 /* WidgetCell.swift in Sources */ = {isa = PBXBuildFile; fileRef = BD97384C22F41A4300D1A700 /* WidgetCell.swift */; };
		BD97384F22F41A6000D1A700 /* FooterCell.swift in Sources */ = {isa = PBXBuildFile; fileRef = BD97384E22F41A6000D1A700 /* FooterCell.swift */; };
		BD97385222F42D1200D1A700 /* WidgetView.swift in Sources */ = {isa = PBXBuildFile; fileRef = BD97385122F42D1200D1A700 /* WidgetView.swift */; };
		BD97385422F435DC00D1A700 /* IconCell.swift in Sources */ = {isa = PBXBuildFile; fileRef = BD97385322F435DC00D1A700 /* IconCell.swift */; };
		BD97385622F435FB00D1A700 /* IconEffectView.swift in Sources */ = {isa = PBXBuildFile; fileRef = BD97385522F435FB00D1A700 /* IconEffectView.swift */; };
/* End PBXBuildFile section */

/* Begin PBXContainerItemProxy section */
		BD97382B22F40B1400D1A700 /* PBXContainerItemProxy */ = {
			isa = PBXContainerItemProxy;
			containerPortal = BD97380E22F40B1200D1A700 /* Project object */;
			proxyType = 1;
			remoteGlobalIDString = BD97381522F40B1200D1A700;
			remoteInfo = propertyAnimator;
		};
		BD97383622F40B1400D1A700 /* PBXContainerItemProxy */ = {
			isa = PBXContainerItemProxy;
			containerPortal = BD97380E22F40B1200D1A700 /* Project object */;
			proxyType = 1;
			remoteGlobalIDString = BD97381522F40B1200D1A700;
			remoteInfo = propertyAnimator;
		};
/* End PBXContainerItemProxy section */

/* Begin PBXFileReference section */
		BD703DD422F7D30D0040F6E7 /* AnimatorFactory.swift */ = {isa = PBXFileReference; lastKnownFileType = sourcecode.swift; path = AnimatorFactory.swift; sourceTree = "<group>"; };
		BD703DD622F7DE100040F6E7 /* WidgetsOwnerProtocol.swift */ = {isa = PBXFileReference; lastKnownFileType = sourcecode.swift; path = WidgetsOwnerProtocol.swift; sourceTree = "<group>"; };
		BD97381622F40B1200D1A700 /* propertyAnimator.app */ = {isa = PBXFileReference; explicitFileType = wrapper.application; includeInIndex = 0; path = propertyAnimator.app; sourceTree = BUILT_PRODUCTS_DIR; };
		BD97381922F40B1200D1A700 /* AppDelegate.swift */ = {isa = PBXFileReference; lastKnownFileType = sourcecode.swift; path = AppDelegate.swift; sourceTree = "<group>"; };
		BD97381E22F40B1200D1A700 /* Base */ = {isa = PBXFileReference; lastKnownFileType = file.storyboard; name = Base; path = Base.lproj/Main.storyboard; sourceTree = "<group>"; };
		BD97382022F40B1400D1A700 /* Assets.xcassets */ = {isa = PBXFileReference; lastKnownFileType = folder.assetcatalog; path = Assets.xcassets; sourceTree = "<group>"; };
		BD97382322F40B1400D1A700 /* Base */ = {isa = PBXFileReference; lastKnownFileType = file.storyboard; name = Base; path = Base.lproj/LaunchScreen.storyboard; sourceTree = "<group>"; };
		BD97382522F40B1400D1A700 /* Info.plist */ = {isa = PBXFileReference; lastKnownFileType = text.plist.xml; path = Info.plist; sourceTree = "<group>"; };
		BD97382A22F40B1400D1A700 /* propertyAnimatorTests.xctest */ = {isa = PBXFileReference; explicitFileType = wrapper.cfbundle; includeInIndex = 0; path = propertyAnimatorTests.xctest; sourceTree = BUILT_PRODUCTS_DIR; };
		BD97382E22F40B1400D1A700 /* propertyAnimatorTests.swift */ = {isa = PBXFileReference; lastKnownFileType = sourcecode.swift; path = propertyAnimatorTests.swift; sourceTree = "<group>"; };
		BD97383022F40B1400D1A700 /* Info.plist */ = {isa = PBXFileReference; lastKnownFileType = text.plist.xml; path = Info.plist; sourceTree = "<group>"; };
		BD97383522F40B1400D1A700 /* propertyAnimatorUITests.xctest */ = {isa = PBXFileReference; explicitFileType = wrapper.cfbundle; includeInIndex = 0; path = propertyAnimatorUITests.xctest; sourceTree = BUILT_PRODUCTS_DIR; };
		BD97383922F40B1400D1A700 /* propertyAnimatorUITests.swift */ = {isa = PBXFileReference; lastKnownFileType = sourcecode.swift; path = propertyAnimatorUITests.swift; sourceTree = "<group>"; };
		BD97383B22F40B1400D1A700 /* Info.plist */ = {isa = PBXFileReference; lastKnownFileType = text.plist.xml; path = Info.plist; sourceTree = "<group>"; };
		BD97384822F40F7800D1A700 /* LockScreenViewController.swift */ = {isa = PBXFileReference; lastKnownFileType = sourcecode.swift; path = LockScreenViewController.swift; sourceTree = "<group>"; };
		BD97384A22F40FBF00D1A700 /* SettingsViewController.swift */ = {isa = PBXFileReference; lastKnownFileType = sourcecode.swift; path = SettingsViewController.swift; sourceTree = "<group>"; };
		BD97384C22F41A4300D1A700 /* WidgetCell.swift */ = {isa = PBXFileReference; lastKnownFileType = sourcecode.swift; path = WidgetCell.swift; sourceTree = "<group>"; };
		BD97384E22F41A6000D1A700 /* FooterCell.swift */ = {isa = PBXFileReference; lastKnownFileType = sourcecode.swift; path = FooterCell.swift; sourceTree = "<group>"; };
		BD97385122F42D1200D1A700 /* WidgetView.swift */ = {isa = PBXFileReference; lastKnownFileType = sourcecode.swift; path = WidgetView.swift; sourceTree = "<group>"; };
		BD97385322F435DC00D1A700 /* IconCell.swift */ = {isa = PBXFileReference; lastKnownFileType = sourcecode.swift; path = IconCell.swift; sourceTree = "<group>"; };
		BD97385522F435FB00D1A700 /* IconEffectView.swift */ = {isa = PBXFileReference; lastKnownFileType = sourcecode.swift; path = IconEffectView.swift; sourceTree = "<group>"; };
/* End PBXFileReference section */

/* Begin PBXFrameworksBuildPhase section */
		BD97381322F40B1200D1A700 /* Frameworks */ = {
			isa = PBXFrameworksBuildPhase;
			buildActionMask = 2147483647;
			files = (
			);
			runOnlyForDeploymentPostprocessing = 0;
		};
		BD97382722F40B1400D1A700 /* Frameworks */ = {
			isa = PBXFrameworksBuildPhase;
			buildActionMask = 2147483647;
			files = (
			);
			runOnlyForDeploymentPostprocessing = 0;
		};
		BD97383222F40B1400D1A700 /* Frameworks */ = {
			isa = PBXFrameworksBuildPhase;
			buildActionMask = 2147483647;
			files = (
			);
			runOnlyForDeploymentPostprocessing = 0;
		};
/* End PBXFrameworksBuildPhase section */

/* Begin PBXGroup section */
		BD97380D22F40B1200D1A700 = {
			isa = PBXGroup;
			children = (
				BD97384722F40F1500D1A700 /* LockScreenViewController */,
				BD97381822F40B1200D1A700 /* propertyAnimator */,
				BD97382D22F40B1400D1A700 /* propertyAnimatorTests */,
				BD97383822F40B1400D1A700 /* propertyAnimatorUITests */,
				BD97381722F40B1200D1A700 /* Products */,
			);
			sourceTree = "<group>";
		};
		BD97381722F40B1200D1A700 /* Products */ = {
			isa = PBXGroup;
			children = (
				BD97381622F40B1200D1A700 /* propertyAnimator.app */,
				BD97382A22F40B1400D1A700 /* propertyAnimatorTests.xctest */,
				BD97383522F40B1400D1A700 /* propertyAnimatorUITests.xctest */,
			);
			name = Products;
			sourceTree = "<group>";
		};
		BD97381822F40B1200D1A700 /* propertyAnimator */ = {
			isa = PBXGroup;
			children = (
				BD97381922F40B1200D1A700 /* AppDelegate.swift */,
				BD97381D22F40B1200D1A700 /* Main.storyboard */,
				BD97382022F40B1400D1A700 /* Assets.xcassets */,
				BD97382222F40B1400D1A700 /* LaunchScreen.storyboard */,
				BD97382522F40B1400D1A700 /* Info.plist */,
			);
			path = propertyAnimator;
			sourceTree = "<group>";
		};
		BD97382D22F40B1400D1A700 /* propertyAnimatorTests */ = {
			isa = PBXGroup;
			children = (
				BD97382E22F40B1400D1A700 /* propertyAnimatorTests.swift */,
				BD97383022F40B1400D1A700 /* Info.plist */,
			);
			path = propertyAnimatorTests;
			sourceTree = "<group>";
		};
		BD97383822F40B1400D1A700 /* propertyAnimatorUITests */ = {
			isa = PBXGroup;
			children = (
				BD97383922F40B1400D1A700 /* propertyAnimatorUITests.swift */,
				BD97383B22F40B1400D1A700 /* Info.plist */,
			);
			path = propertyAnimatorUITests;
			sourceTree = "<group>";
		};
		BD97384722F40F1500D1A700 /* LockScreenViewController */ = {
			isa = PBXGroup;
			children = (
				BD97385022F428E100D1A700 /* View */,
				BD97384822F40F7800D1A700 /* LockScreenViewController.swift */,
				BD97384A22F40FBF00D1A700 /* SettingsViewController.swift */,
				BD703DD422F7D30D0040F6E7 /* AnimatorFactory.swift */,
				BD703DD622F7DE100040F6E7 /* WidgetsOwnerProtocol.swift */,
			);
			name = LockScreenViewController;
			path = propertyAnimator/LockScreenViewController;
			sourceTree = "<group>";
		};
		BD97385022F428E100D1A700 /* View */ = {
			isa = PBXGroup;
			children = (
				BD97384C22F41A4300D1A700 /* WidgetCell.swift */,
				BD97384E22F41A6000D1A700 /* FooterCell.swift */,
				BD97385122F42D1200D1A700 /* WidgetView.swift */,
				BD97385322F435DC00D1A700 /* IconCell.swift */,
				BD97385522F435FB00D1A700 /* IconEffectView.swift */,
			);
			path = View;
			sourceTree = "<group>";
		};
/* End PBXGroup section */

/* Begin PBXNativeTarget section */
		BD97381522F40B1200D1A700 /* propertyAnimator */ = {
			isa = PBXNativeTarget;
			buildConfigurationList = BD97383E22F40B1400D1A700 /* Build configuration list for PBXNativeTarget "propertyAnimator" */;
			buildPhases = (
				BD97381222F40B1200D1A700 /* Sources */,
				BD97381322F40B1200D1A700 /* Frameworks */,
				BD97381422F40B1200D1A700 /* Resources */,
			);
			buildRules = (
			);
			dependencies = (
			);
			name = propertyAnimator;
			productName = propertyAnimator;
			productReference = BD97381622F40B1200D1A700 /* propertyAnimator.app */;
			productType = "com.apple.product-type.application";
		};
		BD97382922F40B1400D1A700 /* propertyAnimatorTests */ = {
			isa = PBXNativeTarget;
			buildConfigurationList = BD97384122F40B1400D1A700 /* Build configuration list for PBXNativeTarget "propertyAnimatorTests" */;
			buildPhases = (
				BD97382622F40B1400D1A700 /* Sources */,
				BD97382722F40B1400D1A700 /* Frameworks */,
				BD97382822F40B1400D1A700 /* Resources */,
			);
			buildRules = (
			);
			dependencies = (
				BD97382C22F40B1400D1A700 /* PBXTargetDependency */,
			);
			name = propertyAnimatorTests;
			productName = propertyAnimatorTests;
			productReference = BD97382A22F40B1400D1A700 /* propertyAnimatorTests.xctest */;
			productType = "com.apple.product-type.bundle.unit-test";
		};
		BD97383422F40B1400D1A700 /* propertyAnimatorUITests */ = {
			isa = PBXNativeTarget;
			buildConfigurationList = BD97384422F40B1400D1A700 /* Build configuration list for PBXNativeTarget "propertyAnimatorUITests" */;
			buildPhases = (
				BD97383122F40B1400D1A700 /* Sources */,
				BD97383222F40B1400D1A700 /* Frameworks */,
				BD97383322F40B1400D1A700 /* Resources */,
			);
			buildRules = (
			);
			dependencies = (
				BD97383722F40B1400D1A700 /* PBXTargetDependency */,
			);
			name = propertyAnimatorUITests;
			productName = propertyAnimatorUITests;
			productReference = BD97383522F40B1400D1A700 /* propertyAnimatorUITests.xctest */;
			productType = "com.apple.product-type.bundle.ui-testing";
		};
/* End PBXNativeTarget section */

/* Begin PBXProject section */
		BD97380E22F40B1200D1A700 /* Project object */ = {
			isa = PBXProject;
			attributes = {
				LastSwiftUpdateCheck = 1010;
				LastUpgradeCheck = 1010;
				ORGANIZATIONNAME = wky;
				TargetAttributes = {
					BD97381522F40B1200D1A700 = {
						CreatedOnToolsVersion = 10.1;
					};
					BD97382922F40B1400D1A700 = {
						CreatedOnToolsVersion = 10.1;
						TestTargetID = BD97381522F40B1200D1A700;
					};
					BD97383422F40B1400D1A700 = {
						CreatedOnToolsVersion = 10.1;
						TestTargetID = BD97381522F40B1200D1A700;
					};
				};
			};
			buildConfigurationList = BD97381122F40B1200D1A700 /* Build configuration list for PBXProject "propertyAnimator" */;
			compatibilityVersion = "Xcode 9.3";
			developmentRegion = en;
			hasScannedForEncodings = 0;
			knownRegions = (
				en,
				Base,
			);
			mainGroup = BD97380D22F40B1200D1A700;
			productRefGroup = BD97381722F40B1200D1A700 /* Products */;
			projectDirPath = "";
			projectRoot = "";
			targets = (
				BD97381522F40B1200D1A700 /* propertyAnimator */,
				BD97382922F40B1400D1A700 /* propertyAnimatorTests */,
				BD97383422F40B1400D1A700 /* propertyAnimatorUITests */,
			);
		};
/* End PBXProject section */

/* Begin PBXResourcesBuildPhase section */
		BD97381422F40B1200D1A700 /* Resources */ = {
			isa = PBXResourcesBuildPhase;
			buildActionMask = 2147483647;
			files = (
				BD97382422F40B1400D1A700 /* LaunchScreen.storyboard in Resources */,
				BD97382122F40B1400D1A700 /* Assets.xcassets in Resources */,
				BD97381F22F40B1200D1A700 /* Main.storyboard in Resources */,
			);
			runOnlyForDeploymentPostprocessing = 0;
		};
		BD97382822F40B1400D1A700 /* Resources */ = {
			isa = PBXResourcesBuildPhase;
			buildActionMask = 2147483647;
			files = (
			);
			runOnlyForDeploymentPostprocessing = 0;
		};
		BD97383322F40B1400D1A700 /* Resources */ = {
			isa = PBXResourcesBuildPhase;
			buildActionMask = 2147483647;
			files = (
			);
			runOnlyForDeploymentPostprocessing = 0;
		};
/* End PBXResourcesBuildPhase section */

/* Begin PBXSourcesBuildPhase section */
		BD97381222F40B1200D1A700 /* Sources */ = {
			isa = PBXSourcesBuildPhase;
			buildActionMask = 2147483647;
			files = (
				BD97385622F435FB00D1A700 /* IconEffectView.swift in Sources */,
				BD703DD522F7D30D0040F6E7 /* AnimatorFactory.swift in Sources */,
				BD97384D22F41A4300D1A700 /* WidgetCell.swift in Sources */,
				BD97385422F435DC00D1A700 /* IconCell.swift in Sources */,
				BD97385222F42D1200D1A700 /* WidgetView.swift in Sources */,
				BD703DD722F7DE100040F6E7 /* WidgetsOwnerProtocol.swift in Sources */,
				BD97384922F40F7800D1A700 /* LockScreenViewController.swift in Sources */,
				BD97381A22F40B1200D1A700 /* AppDelegate.swift in Sources */,
				BD97384F22F41A6000D1A700 /* FooterCell.swift in Sources */,
				BD97384B22F40FBF00D1A700 /* SettingsViewController.swift in Sources */,
			);
			runOnlyForDeploymentPostprocessing = 0;
		};
		BD97382622F40B1400D1A700 /* Sources */ = {
			isa = PBXSourcesBuildPhase;
			buildActionMask = 2147483647;
			files = (
				BD97382F22F40B1400D1A700 /* propertyAnimatorTests.swift in Sources */,
			);
			runOnlyForDeploymentPostprocessing = 0;
		};
		BD97383122F40B1400D1A700 /* Sources */ = {
			isa = PBXSourcesBuildPhase;
			buildActionMask = 2147483647;
			files = (
				BD97383A22F40B1400D1A700 /* propertyAnimatorUITests.swift in Sources */,
			);
			runOnlyForDeploymentPostprocessing = 0;
		};
/* End PBXSourcesBuildPhase section */

/* Begin PBXTargetDependency section */
		BD97382C22F40B1400D1A700 /* PBXTargetDependency */ = {
			isa = PBXTargetDependency;
			target = BD97381522F40B1200D1A700 /* propertyAnimator */;
			targetProxy = BD97382B22F40B1400D1A700 /* PBXContainerItemProxy */;
		};
		BD97383722F40B1400D1A700 /* PBXTargetDependency */ = {
			isa = PBXTargetDependency;
			target = BD97381522F40B1200D1A700 /* propertyAnimator */;
			targetProxy = BD97383622F40B1400D1A700 /* PBXContainerItemProxy */;
		};
/* End PBXTargetDependency section */

/* Begin PBXVariantGroup section */
		BD97381D22F40B1200D1A700 /* Main.storyboard */ = {
			isa = PBXVariantGroup;
			children = (
				BD97381E22F40B1200D1A700 /* Base */,
			);
			name = Main.storyboard;
			sourceTree = "<group>";
		};
		BD97382222F40B1400D1A700 /* LaunchScreen.storyboard */ = {
			isa = PBXVariantGroup;
			children = (
				BD97382322F40B1400D1A700 /* Base */,
			);
			name = LaunchScreen.storyboard;
			sourceTree = "<group>";
		};
/* End PBXVariantGroup section */

/* Begin XCBuildConfiguration section */
		BD97383C22F40B1400D1A700 /* Debug */ = {
			isa = XCBuildConfiguration;
			buildSettings = {
				ALWAYS_SEARCH_USER_PATHS = NO;
				CLANG_ANALYZER_NONNULL = YES;
				CLANG_ANALYZER_NUMBER_OBJECT_CONVERSION = YES_AGGRESSIVE;
				CLANG_CXX_LANGUAGE_STANDARD = "gnu++14";
				CLANG_CXX_LIBRARY = "libc++";
				CLANG_ENABLE_MODULES = YES;
				CLANG_ENABLE_OBJC_ARC = YES;
				CLANG_ENABLE_OBJC_WEAK = YES;
				CLANG_WARN_BLOCK_CAPTURE_AUTORELEASING = YES;
				CLANG_WARN_BOOL_CONVERSION = YES;
				CLANG_WARN_COMMA = YES;
				CLANG_WARN_CONSTANT_CONVERSION = YES;
				CLANG_WARN_DEPRECATED_OBJC_IMPLEMENTATIONS = YES;
				CLANG_WARN_DIRECT_OBJC_ISA_USAGE = YES_ERROR;
				CLANG_WARN_DOCUMENTATION_COMMENTS = YES;
				CLANG_WARN_EMPTY_BODY = YES;
				CLANG_WARN_ENUM_CONVERSION = YES;
				CLANG_WARN_INFINITE_RECURSION = YES;
				CLANG_WARN_INT_CONVERSION = YES;
				CLANG_WARN_NON_LITERAL_NULL_CONVERSION = YES;
				CLANG_WARN_OBJC_IMPLICIT_RETAIN_SELF = YES;
				CLANG_WARN_OBJC_LITERAL_CONVERSION = YES;
				CLANG_WARN_OBJC_ROOT_CLASS = YES_ERROR;
				CLANG_WARN_RANGE_LOOP_ANALYSIS = YES;
				CLANG_WARN_STRICT_PROTOTYPES = YES;
				CLANG_WARN_SUSPICIOUS_MOVE = YES;
				CLANG_WARN_UNGUARDED_AVAILABILITY = YES_AGGRESSIVE;
				CLANG_WARN_UNREACHABLE_CODE = YES;
				CLANG_WARN__DUPLICATE_METHOD_MATCH = YES;
				CODE_SIGN_IDENTITY = "iPhone Developer";
				COPY_PHASE_STRIP = NO;
				DEBUG_INFORMATION_FORMAT = dwarf;
				ENABLE_STRICT_OBJC_MSGSEND = YES;
				ENABLE_TESTABILITY = YES;
				GCC_C_LANGUAGE_STANDARD = gnu11;
				GCC_DYNAMIC_NO_PIC = NO;
				GCC_NO_COMMON_BLOCKS = YES;
				GCC_OPTIMIZATION_LEVEL = 0;
				GCC_PREPROCESSOR_DEFINITIONS = (
					"DEBUG=1",
					"$(inherited)",
				);
				GCC_WARN_64_TO_32_BIT_CONVERSION = YES;
				GCC_WARN_ABOUT_RETURN_TYPE = YES_ERROR;
				GCC_WARN_UNDECLARED_SELECTOR = YES;
				GCC_WARN_UNINITIALIZED_AUTOS = YES_AGGRESSIVE;
				GCC_WARN_UNUSED_FUNCTION = YES;
				GCC_WARN_UNUSED_VARIABLE = YES;
				IPHONEOS_DEPLOYMENT_TARGET = 12.1;
				MTL_ENABLE_DEBUG_INFO = INCLUDE_SOURCE;
				MTL_FAST_MATH = YES;
				ONLY_ACTIVE_ARCH = YES;
				SDKROOT = iphoneos;
				SWIFT_ACTIVE_COMPILATION_CONDITIONS = DEBUG;
				SWIFT_OPTIMIZATION_LEVEL = "-Onone";
			};
			name = Debug;
		};
		BD97383D22F40B1400D1A700 /* Release */ = {
			isa = XCBuildConfiguration;
			buildSettings = {
				ALWAYS_SEARCH_USER_PATHS = NO;
				CLANG_ANALYZER_NONNULL = YES;
				CLANG_ANALYZER_NUMBER_OBJECT_CONVERSION = YES_AGGRESSIVE;
				CLANG_CXX_LANGUAGE_STANDARD = "gnu++14";
				CLANG_CXX_LIBRARY = "libc++";
				CLANG_ENABLE_MODULES = YES;
				CLANG_ENABLE_OBJC_ARC = YES;
				CLANG_ENABLE_OBJC_WEAK = YES;
				CLANG_WARN_BLOCK_CAPTURE_AUTORELEASING = YES;
				CLANG_WARN_BOOL_CONVERSION = YES;
				CLANG_WARN_COMMA = YES;
				CLANG_WARN_CONSTANT_CONVERSION = YES;
				CLANG_WARN_DEPRECATED_OBJC_IMPLEMENTATIONS = YES;
				CLANG_WARN_DIRECT_OBJC_ISA_USAGE = YES_ERROR;
				CLANG_WARN_DOCUMENTATION_COMMENTS = YES;
				CLANG_WARN_EMPTY_BODY = YES;
				CLANG_WARN_ENUM_CONVERSION = YES;
				CLANG_WARN_INFINITE_RECURSION = YES;
				CLANG_WARN_INT_CONVERSION = YES;
				CLANG_WARN_NON_LITERAL_NULL_CONVERSION = YES;
				CLANG_WARN_OBJC_IMPLICIT_RETAIN_SELF = YES;
				CLANG_WARN_OBJC_LITERAL_CONVERSION = YES;
				CLANG_WARN_OBJC_ROOT_CLASS = YES_ERROR;
				CLANG_WARN_RANGE_LOOP_ANALYSIS = YES;
				CLANG_WARN_STRICT_PROTOTYPES = YES;
				CLANG_WARN_SUSPICIOUS_MOVE = YES;
				CLANG_WARN_UNGUARDED_AVAILABILITY = YES_AGGRESSIVE;
				CLANG_WARN_UNREACHABLE_CODE = YES;
				CLANG_WARN__DUPLICATE_METHOD_MATCH = YES;
				CODE_SIGN_IDENTITY = "iPhone Developer";
				COPY_PHASE_STRIP = NO;
				DEBUG_INFORMATION_FORMAT = "dwarf-with-dsym";
				ENABLE_NS_ASSERTIONS = NO;
				ENABLE_STRICT_OBJC_MSGSEND = YES;
				GCC_C_LANGUAGE_STANDARD = gnu11;
				GCC_NO_COMMON_BLOCKS = YES;
				GCC_WARN_64_TO_32_BIT_CONVERSION = YES;
				GCC_WARN_ABOUT_RETURN_TYPE = YES_ERROR;
				GCC_WARN_UNDECLARED_SELECTOR = YES;
				GCC_WARN_UNINITIALIZED_AUTOS = YES_AGGRESSIVE;
				GCC_WARN_UNUSED_FUNCTION = YES;
				GCC_WARN_UNUSED_VARIABLE = YES;
				IPHONEOS_DEPLOYMENT_TARGET = 12.1;
				MTL_ENABLE_DEBUG_INFO = NO;
				MTL_FAST_MATH = YES;
				SDKROOT = iphoneos;
				SWIFT_COMPILATION_MODE = wholemodule;
				SWIFT_OPTIMIZATION_LEVEL = "-O";
				VALIDATE_PRODUCT = YES;
			};
			name = Release;
		};
		BD97383F22F40B1400D1A700 /* Debug */ = {
			isa = XCBuildConfiguration;
			buildSettings = {
				ASSETCATALOG_COMPILER_APPICON_NAME = AppIcon;
				CODE_SIGN_STYLE = Automatic;
				DEVELOPMENT_TEAM = P9HV32KYZV;
				INFOPLIST_FILE = propertyAnimator/Info.plist;
				LD_RUNPATH_SEARCH_PATHS = (
					"$(inherited)",
					"@executable_path/Frameworks",
				);
				PRODUCT_BUNDLE_IDENTIFIER = propertyAnimator.propertyAnimator;
				PRODUCT_NAME = "$(TARGET_NAME)";
				SWIFT_VERSION = 4.2;
				TARGETED_DEVICE_FAMILY = "1,2";
			};
			name = Debug;
		};
		BD97384022F40B1400D1A700 /* Release */ = {
			isa = XCBuildConfiguration;
			buildSettings = {
				ASSETCATALOG_COMPILER_APPICON_NAME = AppIcon;
				CODE_SIGN_STYLE = Automatic;
				DEVELOPMENT_TEAM = P9HV32KYZV;
				INFOPLIST_FILE = propertyAnimator/Info.plist;
				LD_RUNPATH_SEARCH_PATHS = (
					"$(inherited)",
					"@executable_path/Frameworks",
				);
				PRODUCT_BUNDLE_IDENTIFIER = propertyAnimator.propertyAnimator;
				PRODUCT_NAME = "$(TARGET_NAME)";
				SWIFT_VERSION = 4.2;
				TARGETED_DEVICE_FAMILY = "1,2";
			};
			name = Release;
		};
		BD97384222F40B1400D1A700 /* Debug */ = {
			isa = XCBuildConfiguration;
			buildSettings = {
				ALWAYS_EMBED_SWIFT_STANDARD_LIBRARIES = YES;
				BUNDLE_LOADER = "$(TEST_HOST)";
				CODE_SIGN_STYLE = Automatic;
				INFOPLIST_FILE = propertyAnimatorTests/Info.plist;
				LD_RUNPATH_SEARCH_PATHS = (
					"$(inherited)",
					"@executable_path/Frameworks",
					"@loader_path/Frameworks",
				);
				PRODUCT_BUNDLE_IDENTIFIER = propertyAnimator.propertyAnimatorTests;
				PRODUCT_NAME = "$(TARGET_NAME)";
				SWIFT_VERSION = 4.2;
				TARGETED_DEVICE_FAMILY = "1,2";
				TEST_HOST = "$(BUILT_PRODUCTS_DIR)/propertyAnimator.app/propertyAnimator";
			};
			name = Debug;
		};
		BD97384322F40B1400D1A700 /* Release */ = {
			isa = XCBuildConfiguration;
			buildSettings = {
				ALWAYS_EMBED_SWIFT_STANDARD_LIBRARIES = YES;
				BUNDLE_LOADER = "$(TEST_HOST)";
				CODE_SIGN_STYLE = Automatic;
				INFOPLIST_FILE = propertyAnimatorTests/Info.plist;
				LD_RUNPATH_SEARCH_PATHS = (
					"$(inherited)",
					"@executable_path/Frameworks",
					"@loader_path/Frameworks",
				);
				PRODUCT_BUNDLE_IDENTIFIER = propertyAnimator.propertyAnimatorTests;
				PRODUCT_NAME = "$(TARGET_NAME)";
				SWIFT_VERSION = 4.2;
				TARGETED_DEVICE_FAMILY = "1,2";
				TEST_HOST = "$(BUILT_PRODUCTS_DIR)/propertyAnimator.app/propertyAnimator";
			};
			name = Release;
		};
		BD97384522F40B1400D1A700 /* Debug */ = {
			isa = XCBuildConfiguration;
			buildSettings = {
				ALWAYS_EMBED_SWIFT_STANDARD_LIBRARIES = YES;
				CODE_SIGN_STYLE = Automatic;
				INFOPLIST_FILE = propertyAnimatorUITests/Info.plist;
				LD_RUNPATH_SEARCH_PATHS = (
					"$(inherited)",
					"@executable_path/Frameworks",
					"@loader_path/Frameworks",
				);
				PRODUCT_BUNDLE_IDENTIFIER = propertyAnimator.propertyAnimatorUITests;
				PRODUCT_NAME = "$(TARGET_NAME)";
				SWIFT_VERSION = 4.2;
				TARGETED_DEVICE_FAMILY = "1,2";
				TEST_TARGET_NAME = propertyAnimator;
			};
			name = Debug;
		};
		BD97384622F40B1400D1A700 /* Release */ = {
			isa = XCBuildConfiguration;
			buildSettings = {
				ALWAYS_EMBED_SWIFT_STANDARD_LIBRARIES = YES;
				CODE_SIGN_STYLE = Automatic;
				INFOPLIST_FILE = propertyAnimatorUITests/Info.plist;
				LD_RUNPATH_SEARCH_PATHS = (
					"$(inherited)",
					"@executable_path/Frameworks",
					"@loader_path/Frameworks",
				);
				PRODUCT_BUNDLE_IDENTIFIER = propertyAnimator.propertyAnimatorUITests;
				PRODUCT_NAME = "$(TARGET_NAME)";
				SWIFT_VERSION = 4.2;
				TARGETED_DEVICE_FAMILY = "1,2";
				TEST_TARGET_NAME = propertyAnimator;
			};
			name = Release;
		};
/* End XCBuildConfiguration section */

/* Begin XCConfigurationList section */
		BD97381122F40B1200D1A700 /* Build configuration list for PBXProject "propertyAnimator" */ = {
			isa = XCConfigurationList;
			buildConfigurations = (
				BD97383C22F40B1400D1A700 /* Debug */,
				BD97383D22F40B1400D1A700 /* Release */,
			);
			defaultConfigurationIsVisible = 0;
			defaultConfigurationName = Release;
		};
		BD97383E22F40B1400D1A700 /* Build configuration list for PBXNativeTarget "propertyAnimator" */ = {
			isa = XCConfigurationList;
			buildConfigurations = (
				BD97383F22F40B1400D1A700 /* Debug */,
				BD97384022F40B1400D1A700 /* Release */,
			);
			defaultConfigurationIsVisible = 0;
			defaultConfigurationName = Release;
		};
		BD97384122F40B1400D1A700 /* Build configuration list for PBXNativeTarget "propertyAnimatorTests" */ = {
			isa = XCConfigurationList;
			buildConfigurations = (
				BD97384222F40B1400D1A700 /* Debug */,
				BD97384322F40B1400D1A700 /* Release */,
			);
			defaultConfigurationIsVisible = 0;
			defaultConfigurationName = Release;
		};
		BD97384422F40B1400D1A700 /* Build configuration list for PBXNativeTarget "propertyAnimatorUITests" */ = {
			isa = XCConfigurationList;
			buildConfigurations = (
				BD97384522F40B1400D1A700 /* Debug */,
				BD97384622F40B1400D1A700 /* Release */,
			);
			defaultConfigurationIsVisible = 0;
			defaultConfigurationName = Release;
		};
/* End XCConfigurationList section */
	};
	rootObject = BD97380E22F40B1200D1A700 /* Project object */;
}
